%{"distance": {:hex, :distance, "0.2.2", "76f7cd6b6e21b3c1430a0776d594955baafd9ebf1133f98f62cdbb180074215a", [:mix], []},
  "earmark": {:hex, :earmark, "1.0.3", "89bdbaf2aca8bbb5c97d8b3b55c5dd0cff517ecc78d417e87f1d0982e514557b", [:mix], []},
  "envelope": {:hex, :envelope, "0.4.0", "c472cb82b87210b81a2a065833eda511a170fa8e07793f6192725d68a2f8f7d0", [:mix], [{:distance, "~> 0.2.1", [hex: :distance, optional: false]}, {:geo, "~> 1.0", [hex: :geo, optional: false]}]},
  "ex_doc": {:hex, :ex_doc, "0.14.5", "c0433c8117e948404d93ca69411dd575ec6be39b47802e81ca8d91017a0cf83c", [:mix], [{:earmark, "~> 1.0", [hex: :earmark, optional: false]}]},
  "geo": {:hex, :geo, "1.5.0", "14301aae05bc9124f36b3726e028830477d2ee6b397b7a00b98eca3da06de193", [:mix], [{:ecto, "~> 2.1", [hex: :ecto, optional: true]}, {:poison, "~> 1.5 or ~> 2.0 or ~> 3.0", [hex: :poison, optional: true]}, {:postgrex, "~> 0.13", [hex: :postgrex, optional: true]}]}}
